// !$*UTF8*$!
{
	archiveVersion = 1;
	classes = {
	};
	objectVersion = 46;
	objects = {

/* Begin PBXBuildFile section */
		84D428D91EABD53800F7EC3E /* StackCoordinator.swift in Sources */ = {isa = PBXBuildFile; fileRef = 84D428D81EABD53800F7EC3E /* StackCoordinator.swift */; };
		84D428DB1EAC8FD700F7EC3E /* ChildCoordinator.swift in Sources */ = {isa = PBXBuildFile; fileRef = 84D428DA1EAC8FD700F7EC3E /* ChildCoordinator.swift */; };
		84D428DD1EACA4B700F7EC3E /* Timer.swift in Sources */ = {isa = PBXBuildFile; fileRef = 84D428DC1EACA4B700F7EC3E /* Timer.swift */; };
		84D428E11EACA50E00F7EC3E /* ChildViewController.swift in Sources */ = {isa = PBXBuildFile; fileRef = 84D428E01EACA50E00F7EC3E /* ChildViewController.swift */; };
		84D428E31EACAC6000F7EC3E /* CoordinatorProps.swift in Sources */ = {isa = PBXBuildFile; fileRef = 84D428E21EACAC6000F7EC3E /* CoordinatorProps.swift */; };
		84DCECB61E7548BB0094B64C /* AppDelegate.swift in Sources */ = {isa = PBXBuildFile; fileRef = 84DCECB51E7548BB0094B64C /* AppDelegate.swift */; };
		84DCECBD1E7548BB0094B64C /* Assets.xcassets in Resources */ = {isa = PBXBuildFile; fileRef = 84DCECBC1E7548BB0094B64C /* Assets.xcassets */; };
		84DCECC01E7548BB0094B64C /* LaunchScreen.storyboard in Resources */ = {isa = PBXBuildFile; fileRef = 84DCECBE1E7548BB0094B64C /* LaunchScreen.storyboard */; };
		84DCECC81E7548CB0094B64C /* Coordinator.swift in Sources */ = {isa = PBXBuildFile; fileRef = 84DCECC71E7548CB0094B64C /* Coordinator.swift */; };
		84DCECCF1EA9258D0094B64C /* MainCoordinator.swift in Sources */ = {isa = PBXBuildFile; fileRef = 84DCECCE1EA9258D0094B64C /* MainCoordinator.swift */; };
		84DCECD11EA925F60094B64C /* MainNavigator.swift in Sources */ = {isa = PBXBuildFile; fileRef = 84DCECD01EA925F60094B64C /* MainNavigator.swift */; };
		84DCECD31EA930540094B64C /* MainAssembly.swift in Sources */ = {isa = PBXBuildFile; fileRef = 84DCECD21EA930540094B64C /* MainAssembly.swift */; };
		84DCECD71EAA73DE0094B64C /* ModalCoordinator.swift in Sources */ = {isa = PBXBuildFile; fileRef = 84DCECD61EAA73DE0094B64C /* ModalCoordinator.swift */; };
/* End PBXBuildFile section */

/* Begin PBXFileReference section */
		84D428D81EABD53800F7EC3E /* StackCoordinator.swift */ = {isa = PBXFileReference; fileEncoding = 4; lastKnownFileType = sourcecode.swift; path = StackCoordinator.swift; sourceTree = "<group>"; };
		84D428DA1EAC8FD700F7EC3E /* ChildCoordinator.swift */ = {isa = PBXFileReference; fileEncoding = 4; lastKnownFileType = sourcecode.swift; path = ChildCoordinator.swift; sourceTree = "<group>"; };
		84D428DC1EACA4B700F7EC3E /* Timer.swift */ = {isa = PBXFileReference; fileEncoding = 4; lastKnownFileType = sourcecode.swift; path = Timer.swift; sourceTree = "<group>"; };
		84D428E01EACA50E00F7EC3E /* ChildViewController.swift */ = {isa = PBXFileReference; fileEncoding = 4; lastKnownFileType = sourcecode.swift; path = ChildViewController.swift; sourceTree = "<group>"; };
		84D428E21EACAC6000F7EC3E /* CoordinatorProps.swift */ = {isa = PBXFileReference; fileEncoding = 4; lastKnownFileType = sourcecode.swift; path = CoordinatorProps.swift; sourceTree = "<group>"; };
		84DCECB21E7548BB0094B64C /* CoordinatorExample.app */ = {isa = PBXFileReference; explicitFileType = wrapper.application; includeInIndex = 0; path = CoordinatorExample.app; sourceTree = BUILT_PRODUCTS_DIR; };
		84DCECB51E7548BB0094B64C /* AppDelegate.swift */ = {isa = PBXFileReference; lastKnownFileType = sourcecode.swift; path = AppDelegate.swift; sourceTree = "<group>"; };
		84DCECBC1E7548BB0094B64C /* Assets.xcassets */ = {isa = PBXFileReference; lastKnownFileType = folder.assetcatalog; path = Assets.xcassets; sourceTree = "<group>"; };
		84DCECBF1E7548BB0094B64C /* Base */ = {isa = PBXFileReference; lastKnownFileType = file.storyboard; name = Base; path = Base.lproj/LaunchScreen.storyboard; sourceTree = "<group>"; };
		84DCECC11E7548BB0094B64C /* Info.plist */ = {isa = PBXFileReference; lastKnownFileType = text.plist.xml; path = Info.plist; sourceTree = "<group>"; };
		84DCECC71E7548CB0094B64C /* Coordinator.swift */ = {isa = PBXFileReference; fileEncoding = 4; lastKnownFileType = sourcecode.swift; path = Coordinator.swift; sourceTree = "<group>"; };
		84DCECCE1EA9258D0094B64C /* MainCoordinator.swift */ = {isa = PBXFileReference; fileEncoding = 4; lastKnownFileType = sourcecode.swift; path = MainCoordinator.swift; sourceTree = "<group>"; };
		84DCECD01EA925F60094B64C /* MainNavigator.swift */ = {isa = PBXFileReference; fileEncoding = 4; lastKnownFileType = sourcecode.swift; path = MainNavigator.swift; sourceTree = "<group>"; };
		84DCECD21EA930540094B64C /* MainAssembly.swift */ = {isa = PBXFileReference; fileEncoding = 4; lastKnownFileType = sourcecode.swift; path = MainAssembly.swift; sourceTree = "<group>"; };
		84DCECD61EAA73DE0094B64C /* ModalCoordinator.swift */ = {isa = PBXFileReference; fileEncoding = 4; lastKnownFileType = sourcecode.swift; path = ModalCoordinator.swift; sourceTree = "<group>"; };
/* End PBXFileReference section */

/* Begin PBXFrameworksBuildPhase section */
		84DCECAF1E7548BB0094B64C /* Frameworks */ = {
			isa = PBXFrameworksBuildPhase;
			buildActionMask = 2147483647;
			files = (
			);
			runOnlyForDeploymentPostprocessing = 0;
		};
/* End PBXFrameworksBuildPhase section */

/* Begin PBXGroup section */
		84D428DE1EACA4D300F7EC3E /* Child */ = {
			isa = PBXGroup;
			children = (
				84D428DA1EAC8FD700F7EC3E /* ChildCoordinator.swift */,
				84D428DC1EACA4B700F7EC3E /* Timer.swift */,
				84D428E01EACA50E00F7EC3E /* ChildViewController.swift */,
			);
			name = Child;
			sourceTree = "<group>";
		};
		84D428DF1EACA4F100F7EC3E /* Stack */ = {
			isa = PBXGroup;
			children = (
				84D428D81EABD53800F7EC3E /* StackCoordinator.swift */,
			);
			name = Stack;
			sourceTree = "<group>";
		};
		84DCECA91E7548BB0094B64C = {
			isa = PBXGroup;
			children = (
				84DCECB41E7548BB0094B64C /* CoordinatorExample */,
				84DCECB31E7548BB0094B64C /* Products */,
			);
			sourceTree = "<group>";
		};
		84DCECB31E7548BB0094B64C /* Products */ = {
			isa = PBXGroup;
			children = (
				84DCECB21E7548BB0094B64C /* CoordinatorExample.app */,
			);
			name = Products;
			sourceTree = "<group>";
		};
		84DCECB41E7548BB0094B64C /* CoordinatorExample */ = {
			isa = PBXGroup;
			children = (
				84D428DF1EACA4F100F7EC3E /* Stack */,
				84D428DE1EACA4D300F7EC3E /* Child */,
				84DCECD51EAA73C70094B64C /* Modal */,
				84DCECD41EAA73B50094B64C /* Main */,
				84DCECB51E7548BB0094B64C /* AppDelegate.swift */,
				84DCECC71E7548CB0094B64C /* Coordinator.swift */,
				84D428E21EACAC6000F7EC3E /* CoordinatorProps.swift */,
				84DCECBC1E7548BB0094B64C /* Assets.xcassets */,
				84DCECBE1E7548BB0094B64C /* LaunchScreen.storyboard */,
				84DCECC11E7548BB0094B64C /* Info.plist */,
			);
			path = CoordinatorExample;
			sourceTree = "<group>";
		};
		84DCECD41EAA73B50094B64C /* Main */ = {
			isa = PBXGroup;
			children = (
				84DCECCE1EA9258D0094B64C /* MainCoordinator.swift */,
				84DCECD01EA925F60094B64C /* MainNavigator.swift */,
				84DCECD21EA930540094B64C /* MainAssembly.swift */,
			);
			name = Main;
			sourceTree = "<group>";
		};
		84DCECD51EAA73C70094B64C /* Modal */ = {
			isa = PBXGroup;
			children = (
				84DCECD61EAA73DE0094B64C /* ModalCoordinator.swift */,
			);
			name = Modal;
			sourceTree = "<group>";
		};
/* End PBXGroup section */

/* Begin PBXNativeTarget section */
		84DCECB11E7548BB0094B64C /* CoordinatorExample */ = {
			isa = PBXNativeTarget;
			buildConfigurationList = 84DCECC41E7548BB0094B64C /* Build configuration list for PBXNativeTarget "CoordinatorExample" */;
			buildPhases = (
				84DCECAE1E7548BB0094B64C /* Sources */,
				84DCECAF1E7548BB0094B64C /* Frameworks */,
				84DCECB01E7548BB0094B64C /* Resources */,
			);
			buildRules = (
			);
			dependencies = (
			);
			name = CoordinatorExample;
			productName = CoordinatorExample;
			productReference = 84DCECB21E7548BB0094B64C /* CoordinatorExample.app */;
			productType = "com.apple.product-type.application";
		};
/* End PBXNativeTarget section */

/* Begin PBXProject section */
		84DCECAA1E7548BB0094B64C /* Project object */ = {
			isa = PBXProject;
			attributes = {
				LastSwiftUpdateCheck = 0820;
				LastUpgradeCheck = 0820;
				ORGANIZATIONNAME = "Eugene Gubin";
				TargetAttributes = {
					84DCECB11E7548BB0094B64C = {
						CreatedOnToolsVersion = 8.2.1;
						DevelopmentTeam = HS26E3V4RC;
						ProvisioningStyle = Manual;
					};
				};
			};
			buildConfigurationList = 84DCECAD1E7548BB0094B64C /* Build configuration list for PBXProject "CoordinatorExample" */;
			compatibilityVersion = "Xcode 3.2";
			developmentRegion = English;
			hasScannedForEncodings = 0;
			knownRegions = (
				en,
				Base,
			);
			mainGroup = 84DCECA91E7548BB0094B64C;
			productRefGroup = 84DCECB31E7548BB0094B64C /* Products */;
			projectDirPath = "";
			projectRoot = "";
			targets = (
				84DCECB11E7548BB0094B64C /* CoordinatorExample */,
			);
		};
/* End PBXProject section */

/* Begin PBXResourcesBuildPhase section */
		84DCECB01E7548BB0094B64C /* Resources */ = {
			isa = PBXResourcesBuildPhase;
			buildActionMask = 2147483647;
			files = (
				84DCECC01E7548BB0094B64C /* LaunchScreen.storyboard in Resources */,
				84DCECBD1E7548BB0094B64C /* Assets.xcassets in Resources */,
			);
			runOnlyForDeploymentPostprocessing = 0;
		};
/* End PBXResourcesBuildPhase section */

/* Begin PBXSourcesBuildPhase section */
		84DCECAE1E7548BB0094B64C /* Sources */ = {
			isa = PBXSourcesBuildPhase;
			buildActionMask = 2147483647;
			files = (
				84D428E11EACA50E00F7EC3E /* ChildViewController.swift in Sources */,
				84DCECD11EA925F60094B64C /* MainNavigator.swift in Sources */,
				84DCECD31EA930540094B64C /* MainAssembly.swift in Sources */,
				84DCECCF1EA9258D0094B64C /* MainCoordinator.swift in Sources */,
				84D428DD1EACA4B700F7EC3E /* Timer.swift in Sources */,
				84D428D91EABD53800F7EC3E /* StackCoordinator.swift in Sources */,
				84D428E31EACAC6000F7EC3E /* CoordinatorProps.swift in Sources */,
				84DCECB61E7548BB0094B64C /* AppDelegate.swift in Sources */,
				84DCECC81E7548CB0094B64C /* Coordinator.swift in Sources */,
				84D428DB1EAC8FD700F7EC3E /* ChildCoordinator.swift in Sources */,
				84DCECD71EAA73DE0094B64C /* ModalCoordinator.swift in Sources */,
			);
			runOnlyForDeploymentPostprocessing = 0;
		};
/* End PBXSourcesBuildPhase section */

/* Begin PBXVariantGroup section */
		84DCECBE1E7548BB0094B64C /* LaunchScreen.storyboard */ = {
			isa = PBXVariantGroup;
			children = (
				84DCECBF1E7548BB0094B64C /* Base */,
			);
			name = LaunchScreen.storyboard;
			sourceTree = "<group>";
		};
/* End PBXVariantGroup section */

/* Begin XCBuildConfiguration section */
		84DCECC21E7548BB0094B64C /* Debug */ = {
			isa = XCBuildConfiguration;
			buildSettings = {
				ALWAYS_SEARCH_USER_PATHS = NO;
				CLANG_ANALYZER_NONNULL = YES;
				CLANG_CXX_LANGUAGE_STANDARD = "gnu++0x";
				CLANG_CXX_LIBRARY = "libc++";
				CLANG_ENABLE_MODULES = YES;
				CLANG_ENABLE_OBJC_ARC = YES;
				CLANG_WARN_BOOL_CONVERSION = YES;
				CLANG_WARN_CONSTANT_CONVERSION = YES;
				CLANG_WARN_DIRECT_OBJC_ISA_USAGE = YES_ERROR;
				CLANG_WARN_DOCUMENTATION_COMMENTS = YES;
				CLANG_WARN_EMPTY_BODY = YES;
				CLANG_WARN_ENUM_CONVERSION = YES;
				CLANG_WARN_INFINITE_RECURSION = YES;
				CLANG_WARN_INT_CONVERSION = YES;
				CLANG_WARN_OBJC_ROOT_CLASS = YES_ERROR;
				CLANG_WARN_SUSPICIOUS_MOVE = YES;
				CLANG_WARN_UNREACHABLE_CODE = YES;
				CLANG_WARN__DUPLICATE_METHOD_MATCH = YES;
				"CODE_SIGN_IDENTITY[sdk=iphoneos*]" = "iPhone Developer";
				COPY_PHASE_STRIP = NO;
				DEBUG_INFORMATION_FORMAT = dwarf;
				ENABLE_STRICT_OBJC_MSGSEND = YES;
				ENABLE_TESTABILITY = YES;
				GCC_C_LANGUAGE_STANDARD = gnu99;
				GCC_DYNAMIC_NO_PIC = NO;
				GCC_NO_COMMON_BLOCKS = YES;
				GCC_OPTIMIZATION_LEVEL = 0;
				GCC_PREPROCESSOR_DEFINITIONS = (
					"DEBUG=1",
					"$(inherited)",
				);
				GCC_WARN_64_TO_32_BIT_CONVERSION = YES;
				GCC_WARN_ABOUT_RETURN_TYPE = YES_ERROR;
				GCC_WARN_UNDECLARED_SELECTOR = YES;
				GCC_WARN_UNINITIALIZED_AUTOS = YES_AGGRESSIVE;
				GCC_WARN_UNUSED_FUNCTION = YES;
				GCC_WARN_UNUSED_VARIABLE = YES;
				IPHONEOS_DEPLOYMENT_TARGET = 10.2;
				MTL_ENABLE_DEBUG_INFO = YES;
				ONLY_ACTIVE_ARCH = YES;
				SDKROOT = iphoneos;
				SWIFT_ACTIVE_COMPILATION_CONDITIONS = DEBUG;
				SWIFT_OPTIMIZATION_LEVEL = "-Onone";
				TARGETED_DEVICE_FAMILY = "1,2";
			};
			name = Debug;
		};
		84DCECC31E7548BB0094B64C /* Release */ = {
			isa = XCBuildConfiguration;
			buildSettings = {
				ALWAYS_SEARCH_USER_PATHS = NO;
				CLANG_ANALYZER_NONNULL = YES;
				CLANG_CXX_LANGUAGE_STANDARD = "gnu++0x";
				CLANG_CXX_LIBRARY = "libc++";
				CLANG_ENABLE_MODULES = YES;
				CLANG_ENABLE_OBJC_ARC = YES;
				CLANG_WARN_BOOL_CONVERSION = YES;
				CLANG_WARN_CONSTANT_CONVERSION = YES;
				CLANG_WARN_DIRECT_OBJC_ISA_USAGE = YES_ERROR;
				CLANG_WARN_DOCUMENTATION_COMMENTS = YES;
				CLANG_WARN_EMPTY_BODY = YES;
				CLANG_WARN_ENUM_CONVERSION = YES;
				CLANG_WARN_INFINITE_RECURSION = YES;
				CLANG_WARN_INT_CONVERSION = YES;
				CLANG_WARN_OBJC_ROOT_CLASS = YES_ERROR;
				CLANG_WARN_SUSPICIOUS_MOVE = YES;
				CLANG_WARN_UNREACHABLE_CODE = YES;
				CLANG_WARN__DUPLICATE_METHOD_MATCH = YES;
				"CODE_SIGN_IDENTITY[sdk=iphoneos*]" = "iPhone Developer";
				COPY_PHASE_STRIP = NO;
				DEBUG_INFORMATION_FORMAT = "dwarf-with-dsym";
				ENABLE_NS_ASSERTIONS = NO;
				ENABLE_STRICT_OBJC_MSGSEND = YES;
				GCC_C_LANGUAGE_STANDARD = gnu99;
				GCC_NO_COMMON_BLOCKS = YES;
				GCC_WARN_64_TO_32_BIT_CONVERSION = YES;
				GCC_WARN_ABOUT_RETURN_TYPE = YES_ERROR;
				GCC_WARN_UNDECLARED_SELECTOR = YES;
				GCC_WARN_UNINITIALIZED_AUTOS = YES_AGGRESSIVE;
				GCC_WARN_UNUSED_FUNCTION = YES;
				GCC_WARN_UNUSED_VARIABLE = YES;
				IPHONEOS_DEPLOYMENT_TARGET = 10.2;
				MTL_ENABLE_DEBUG_INFO = NO;
				SDKROOT = iphoneos;
				SWIFT_OPTIMIZATION_LEVEL = "-Owholemodule";
				TARGETED_DEVICE_FAMILY = "1,2";
				VALIDATE_PRODUCT = YES;
			};
			name = Release;
		};
		84DCECC51E7548BB0094B64C /* Debug */ = {
			isa = XCBuildConfiguration;
			buildSettings = {
				ASSETCATALOG_COMPILER_APPICON_NAME = AppIcon;
				DEVELOPMENT_TEAM = HS26E3V4RC;
				INFOPLIST_FILE = CoordinatorExample/Info.plist;
				LD_RUNPATH_SEARCH_PATHS = "$(inherited) @executable_path/Frameworks";
				PRODUCT_BUNDLE_IDENTIFIER = com.hemet.CoordinatorExample;
				PRODUCT_NAME = "$(TARGET_NAME)";
				PROVISIONING_PROFILE = "1a48afb7-1599-45a8-a985-3bd94479bd02";
				PROVISIONING_PROFILE_SPECIFIER = "Any Application Development Profile";
				SWIFT_VERSION = 3.0;
			};
			name = Debug;
		};
		84DCECC61E7548BB0094B64C /* Release */ = {
			isa = XCBuildConfiguration;
			buildSettings = {
				ASSETCATALOG_COMPILER_APPICON_NAME = AppIcon;
				DEVELOPMENT_TEAM = "";
				INFOPLIST_FILE = CoordinatorExample/Info.plist;
				LD_RUNPATH_SEARCH_PATHS = "$(inherited) @executable_path/Frameworks";
				PRODUCT_BUNDLE_IDENTIFIER = com.hemet.CoordinatorExample;
				PRODUCT_NAME = "$(TARGET_NAME)";
				SWIFT_VERSION = 3.0;
			};
			name = Release;
		};
/* End XCBuildConfiguration section */

/* Begin XCConfigurationList section */
		84DCECAD1E7548BB0094B64C /* Build configuration list for PBXProject "CoordinatorExample" */ = {
			isa = XCConfigurationList;
			buildConfigurations = (
				84DCECC21E7548BB0094B64C /* Debug */,
				84DCECC31E7548BB0094B64C /* Release */,
			);
			defaultConfigurationIsVisible = 0;
			defaultConfigurationName = Release;
		};
		84DCECC41E7548BB0094B64C /* Build configuration list for PBXNativeTarget "CoordinatorExample" */ = {
			isa = XCConfigurationList;
			buildConfigurations = (
				84DCECC51E7548BB0094B64C /* Debug */,
				84DCECC61E7548BB0094B64C /* Release */,
			);
			defaultConfigurationIsVisible = 0;
			defaultConfigurationName = Release;
		};
/* End XCConfigurationList section */
	};
	rootObject = 84DCECAA1E7548BB0094B64C /* Project object */;
}
